<Solution>
  <Folder Name="/src/">
    <Project Path="src/STI.City.API/STI.City.API.csproj" />
    <Project Path="src/STI.City.Core/STI.City.Core.csproj" />
    <Project Path="src/STI.City.Data/STI.City.Data.csproj" />
  </Folder>
  <Folder Name="/tests/">
    <Project Path="tests/STI.City.Tests/STI.City.Tests.csproj" />
  </Folder>
</Solution>
